{
  "name": "fingerprint-service",
  "version": "1.0.0",
  "lockfileVersion": 3,
  "requires": true,
  "packages": {
    "": {
      "name": "fingerprint-service",
      "version": "1.0.0",
      "dependencies": {
        "koffi": "^2.9.0",
        "ws": "^8.18.0"
      }
    },
    "node_modules/koffi": {
      "version": "2.16.1",
      "resolved": "https://registry.npmjs.org/koffi/-/koffi-2.16.1.tgz",
      "integrity": "sha512-0Ie6CfD026dNfWSosDw9dPxPzO9Rlyo0N8m5r05S8YjytIpuilzMFDMY4IDy/8xQsTwpuVinhncD+S8n3bcYZQ==",
      "hasInstallScript": true,
      "license": "MIT",
      "funding": {
        "url": "https://liberapay.com/Koromix"
      }
    },
    "node_modules/ws": {
      "version": "8.20.0",
      "resolved": "https://registry.npmjs.org/ws/-/ws-8.20.0.tgz",
      "integrity": "sha512-sAt8BhgNbzCtgGbt2OxmpuryO63ZoDk/sqaB/znQm94T4fCEsy/yV+7CdC1kJhOU9lboAEU7R3kquuycDoibVA==",
      "license": "MIT",
      "engines": {
        "node": ">=10.0.0"
      },
      "peerDependencies": {
        "bufferutil": "^4.0.1",
        "utf-8-validate": ">=5.0.2"
      },
      "peerDependenciesMeta": {
        "bufferutil": {
          "optional": true
        },
        "utf-8-validate": {
          "optional": true
        }
      }
    }
  }
}
